
Microsoft Visual Studio Solution File, Format Version 12.00
# Visual Studio 15
VisualStudioVersion = 15.0.28010.2048
MinimumVisualStudioVersion = 10.0.40219.1
Project("{FAE04EC0-301F-11D3-BF4B-00C04F79EFBC}") = "EtnoSelo.DAL", "EtnoSelo.DAL\EtnoSelo.DAL.csproj", "{F6250950-CD7D-4D44-9A36-870D055EA14A}"
EndProject
Project("{FAE04EC0-301F-11D3-BF4B-00C04F79EFBC}") = "EtnoSelo.App", "EtnoSelo.App\EtnoSelo.App.csproj", "{8FEC03D9-CF5E-47B2-AA63-A0E4171BBFCC}"
EndProject
Global
	GlobalSection(SolutionConfigurationPlatforms) = preSolution
		Debug|Any CPU = Debug|Any CPU
		Release|Any CPU = Release|Any CPU
	EndGlobalSection
	GlobalSection(ProjectConfigurationPlatforms) = postSolution
		{F6250950-CD7D-4D44-9A36-870D055EA14A}.Debug|Any CPU.ActiveCfg = Debug|Any CPU
		{F6250950-CD7D-4D44-9A36-870D055EA14A}.Debug|Any CPU.Build.0 = Debug|Any CPU
		{F6250950-CD7D-4D44-9A36-870D055EA14A}.Release|Any CPU.ActiveCfg = Release|Any CPU
		{F6250950-CD7D-4D44-9A36-870D055EA14A}.Release|Any CPU.Build.0 = Release|Any CPU
		{8FEC03D9-CF5E-47B2-AA63-A0E4171BBFCC}.Debug|Any CPU.ActiveCfg = Debug|Any CPU
		{8FEC03D9-CF5E-47B2-AA63-A0E4171BBFCC}.Debug|Any CPU.Build.0 = Debug|Any CPU
		{8FEC03D9-CF5E-47B2-AA63-A0E4171BBFCC}.Release|Any CPU.ActiveCfg = Release|Any CPU
		{8FEC03D9-CF5E-47B2-AA63-A0E4171BBFCC}.Release|Any CPU.Build.0 = Release|Any CPU
	EndGlobalSection
	GlobalSection(SolutionProperties) = preSolution
		HideSolutionNode = FALSE
	EndGlobalSection
	GlobalSection(ExtensibilityGlobals) = postSolution
		SolutionGuid = {AAB85810-E176-4B09-804A-06D9D03076A5}
	EndGlobalSection
EndGlobal
